
Microsoft Visual Studio Solution File, Format Version 12.00
# Visual Studio Version 16
VisualStudioVersion = 16.0.30907.101
MinimumVisualStudioVersion = 10.0.40219.1
Project("{FAE04EC0-301F-11D3-BF4B-00C04F79EFBC}") = "ASPract6", "ASPract6\ASPract6.csproj", "{6E152EA0-4212-43EC-8171-74ECD6DE7478}"
EndProject
Global
	GlobalSection(SolutionConfigurationPlatforms) = preSolution
		Debug|Any CPU = Debug|Any CPU
		Release|Any CPU = Release|Any CPU
	EndGlobalSection
	GlobalSection(ProjectConfigurationPlatforms) = postSolution
		{6E152EA0-4212-43EC-8171-74ECD6DE7478}.Debug|Any CPU.ActiveCfg = Debug|Any CPU
		{6E152EA0-4212-43EC-8171-74ECD6DE7478}.Debug|Any CPU.Build.0 = Debug|Any CPU
		{6E152EA0-4212-43EC-8171-74ECD6DE7478}.Release|Any CPU.ActiveCfg = Release|Any CPU
		{6E152EA0-4212-43EC-8171-74ECD6DE7478}.Release|Any CPU.Build.0 = Release|Any CPU
	EndGlobalSection
	GlobalSection(SolutionProperties) = preSolution
		HideSolutionNode = FALSE
	EndGlobalSection
	GlobalSection(ExtensibilityGlobals) = postSolution
		SolutionGuid = {B428FF48-2D46-461E-BB30-98DA6DD11B6B}
	EndGlobalSection
EndGlobal
